
Microsoft Visual Studio Solution File, Format Version 12.00
# Visual Studio Version 17
VisualStudioVersion = 17.3.32811.315
MinimumVisualStudioVersion = 10.0.40219.1
Project("{9A19103F-16F7-4668-BE54-9A1E7A4F7556}") = "Domain", "Api.Domain\Domain.csproj", "{B80362A2-8F72-4270-87D0-6515BC7DA368}"
EndProject
Project("{9A19103F-16F7-4668-BE54-9A1E7A4F7556}") = "CrossCutting", "Api.CrossCutting\CrossCutting.csproj", "{945CF1EB-59DE-4F9C-99C5-E5867F204BE8}"
EndProject
Project("{9A19103F-16F7-4668-BE54-9A1E7A4F7556}") = "Data", "Api.Data\Data.csproj", "{BF294F27-147F-40B3-8AB9-074D9E20EB8A}"
EndProject
Project("{9A19103F-16F7-4668-BE54-9A1E7A4F7556}") = "Service", "Api.Service\Service.csproj", "{CA2F9709-25A9-4965-8A73-8C5A1CADFDD7}"
EndProject
Project("{FAE04EC0-301F-11D3-BF4B-00C04F79EFBC}") = "Application", "Application\Application.csproj", "{01488CB2-B075-4D1D-8FEA-B20C3CEB83E8}"
EndProject
Global
	GlobalSection(SolutionConfigurationPlatforms) = preSolution
		Debug|Any CPU = Debug|Any CPU
		Release|Any CPU = Release|Any CPU
	EndGlobalSection
	GlobalSection(ProjectConfigurationPlatforms) = postSolution
		{B80362A2-8F72-4270-87D0-6515BC7DA368}.Debug|Any CPU.ActiveCfg = Debug|Any CPU
		{B80362A2-8F72-4270-87D0-6515BC7DA368}.Debug|Any CPU.Build.0 = Debug|Any CPU
		{B80362A2-8F72-4270-87D0-6515BC7DA368}.Release|Any CPU.ActiveCfg = Release|Any CPU
		{B80362A2-8F72-4270-87D0-6515BC7DA368}.Release|Any CPU.Build.0 = Release|Any CPU
		{945CF1EB-59DE-4F9C-99C5-E5867F204BE8}.Debug|Any CPU.ActiveCfg = Debug|Any CPU
		{945CF1EB-59DE-4F9C-99C5-E5867F204BE8}.Debug|Any CPU.Build.0 = Debug|Any CPU
		{945CF1EB-59DE-4F9C-99C5-E5867F204BE8}.Release|Any CPU.ActiveCfg = Release|Any CPU
		{945CF1EB-59DE-4F9C-99C5-E5867F204BE8}.Release|Any CPU.Build.0 = Release|Any CPU
		{BF294F27-147F-40B3-8AB9-074D9E20EB8A}.Debug|Any CPU.ActiveCfg = Debug|Any CPU
		{BF294F27-147F-40B3-8AB9-074D9E20EB8A}.Debug|Any CPU.Build.0 = Debug|Any CPU
		{BF294F27-147F-40B3-8AB9-074D9E20EB8A}.Release|Any CPU.ActiveCfg = Release|Any CPU
		{BF294F27-147F-40B3-8AB9-074D9E20EB8A}.Release|Any CPU.Build.0 = Release|Any CPU
		{CA2F9709-25A9-4965-8A73-8C5A1CADFDD7}.Debug|Any CPU.ActiveCfg = Debug|Any CPU
		{CA2F9709-25A9-4965-8A73-8C5A1CADFDD7}.Debug|Any CPU.Build.0 = Debug|Any CPU
		{CA2F9709-25A9-4965-8A73-8C5A1CADFDD7}.Release|Any CPU.ActiveCfg = Release|Any CPU
		{CA2F9709-25A9-4965-8A73-8C5A1CADFDD7}.Release|Any CPU.Build.0 = Release|Any CPU
		{01488CB2-B075-4D1D-8FEA-B20C3CEB83E8}.Debug|Any CPU.ActiveCfg = Debug|Any CPU
		{01488CB2-B075-4D1D-8FEA-B20C3CEB83E8}.Debug|Any CPU.Build.0 = Debug|Any CPU
		{01488CB2-B075-4D1D-8FEA-B20C3CEB83E8}.Release|Any CPU.ActiveCfg = Release|Any CPU
		{01488CB2-B075-4D1D-8FEA-B20C3CEB83E8}.Release|Any CPU.Build.0 = Release|Any CPU
	EndGlobalSection
	GlobalSection(SolutionProperties) = preSolution
		HideSolutionNode = FALSE
	EndGlobalSection
	GlobalSection(ExtensibilityGlobals) = postSolution
		SolutionGuid = {E39B4489-2B8A-4146-B0CA-856B24D3834B}
	EndGlobalSection
EndGlobal
